// !$*UTF8*$!
{
	archiveVersion = 1;
	classes = {
	};
	objectVersion = 55;
	objects = {

/* Begin PBXBuildFile section */
		A3678BF628AFC1F300F18D35 /* AppDelegate.swift in Sources */ = {isa = PBXBuildFile; fileRef = A3678BF528AFC1F300F18D35 /* AppDelegate.swift */; };
		A3678BF828AFC1F300F18D35 /* SceneDelegate.swift in Sources */ = {isa = PBXBuildFile; fileRef = A3678BF728AFC1F300F18D35 /* SceneDelegate.swift */; };
		A3678BFA28AFC1F300F18D35 /* ViewController.swift in Sources */ = {isa = PBXBuildFile; fileRef = A3678BF928AFC1F300F18D35 /* ViewController.swift */; };
		A3678BFD28AFC1F300F18D35 /* Main.storyboard in Resources */ = {isa = PBXBuildFile; fileRef = A3678BFB28AFC1F300F18D35 /* Main.storyboard */; };
		A3678BFF28AFC1F600F18D35 /* Assets.xcassets in Resources */ = {isa = PBXBuildFile; fileRef = A3678BFE28AFC1F600F18D35 /* Assets.xcassets */; };
		A3678C0228AFC1F600F18D35 /* LaunchScreen.storyboard in Resources */ = {isa = PBXBuildFile; fileRef = A3678C0028AFC1F600F18D35 /* LaunchScreen.storyboard */; };
		A3A6C97728BCDC70000DFA7C /* ModelCoreData.xcdatamodeld in Sources */ = {isa = PBXBuildFile; fileRef = A3A6C97528BCDC70000DFA7C /* ModelCoreData.xcdatamodeld */; };
		A3A6C97A28BCEC9D000DFA7C /* Things+CoreDataClass.swift in Sources */ = {isa = PBXBuildFile; fileRef = A3A6C97828BCEC9D000DFA7C /* Things+CoreDataClass.swift */; };
		A3A6C97B28BCEC9D000DFA7C /* Things+CoreDataProperties.swift in Sources */ = {isa = PBXBuildFile; fileRef = A3A6C97928BCEC9D000DFA7C /* Things+CoreDataProperties.swift */; };
		A3AF830F28C1269F000549AB /* addingNewThingViewController.swift in Sources */ = {isa = PBXBuildFile; fileRef = A3AF830E28C1269F000549AB /* addingNewThingViewController.swift */; };
/* End PBXBuildFile section */

/* Begin PBXFileReference section */
		A3678BF228AFC1F300F18D35 /* To-do list.app */ = {isa = PBXFileReference; explicitFileType = wrapper.application; includeInIndex = 0; path = "To-do list.app"; sourceTree = BUILT_PRODUCTS_DIR; };
		A3678BF528AFC1F300F18D35 /* AppDelegate.swift */ = {isa = PBXFileReference; lastKnownFileType = sourcecode.swift; path = AppDelegate.swift; sourceTree = "<group>"; };
		A3678BF728AFC1F300F18D35 /* SceneDelegate.swift */ = {isa = PBXFileReference; lastKnownFileType = sourcecode.swift; path = SceneDelegate.swift; sourceTree = "<group>"; };
		A3678BF928AFC1F300F18D35 /* ViewController.swift */ = {isa = PBXFileReference; lastKnownFileType = sourcecode.swift; path = ViewController.swift; sourceTree = "<group>"; };
		A3678BFC28AFC1F300F18D35 /* Base */ = {isa = PBXFileReference; lastKnownFileType = file.storyboard; name = Base; path = Base.lproj/Main.storyboard; sourceTree = "<group>"; };
		A3678BFE28AFC1F600F18D35 /* Assets.xcassets */ = {isa = PBXFileReference; lastKnownFileType = folder.assetcatalog; path = Assets.xcassets; sourceTree = "<group>"; };
		A3678C0128AFC1F600F18D35 /* Base */ = {isa = PBXFileReference; lastKnownFileType = file.storyboard; name = Base; path = Base.lproj/LaunchScreen.storyboard; sourceTree = "<group>"; };
		A3678C0328AFC1F600F18D35 /* Info.plist */ = {isa = PBXFileReference; lastKnownFileType = text.plist.xml; path = Info.plist; sourceTree = "<group>"; };
		A3A6C97628BCDC70000DFA7C /* ModelCoreData.xcdatamodel */ = {isa = PBXFileReference; lastKnownFileType = wrapper.xcdatamodel; path = ModelCoreData.xcdatamodel; sourceTree = "<group>"; };
		A3A6C97828BCEC9D000DFA7C /* Things+CoreDataClass.swift */ = {isa = PBXFileReference; lastKnownFileType = sourcecode.swift; name = "Things+CoreDataClass.swift"; path = "To-do list/Things+CoreDataClass.swift"; sourceTree = "<group>"; };
		A3A6C97928BCEC9D000DFA7C /* Things+CoreDataProperties.swift */ = {isa = PBXFileReference; lastKnownFileType = sourcecode.swift; name = "Things+CoreDataProperties.swift"; path = "To-do list/Things+CoreDataProperties.swift"; sourceTree = "<group>"; };
		A3AF830E28C1269F000549AB /* addingNewThingViewController.swift */ = {isa = PBXFileReference; lastKnownFileType = sourcecode.swift; path = addingNewThingViewController.swift; sourceTree = "<group>"; };
/* End PBXFileReference section */

/* Begin PBXFrameworksBuildPhase section */
		A3678BEF28AFC1F300F18D35 /* Frameworks */ = {
			isa = PBXFrameworksBuildPhase;
			buildActionMask = 2147483647;
			files = (
			);
			runOnlyForDeploymentPostprocessing = 0;
		};
/* End PBXFrameworksBuildPhase section */

/* Begin PBXGroup section */
		A3678BE928AFC1F300F18D35 = {
			isa = PBXGroup;
			children = (
				A3A6C97828BCEC9D000DFA7C /* Things+CoreDataClass.swift */,
				A3A6C97928BCEC9D000DFA7C /* Things+CoreDataProperties.swift */,
				A3A6C97528BCDC70000DFA7C /* ModelCoreData.xcdatamodeld */,
				A3678BF428AFC1F300F18D35 /* To-do list */,
				A3678BF328AFC1F300F18D35 /* Products */,
			);
			sourceTree = "<group>";
		};
		A3678BF328AFC1F300F18D35 /* Products */ = {
			isa = PBXGroup;
			children = (
				A3678BF228AFC1F300F18D35 /* To-do list.app */,
			);
			name = Products;
			sourceTree = "<group>";
		};
		A3678BF428AFC1F300F18D35 /* To-do list */ = {
			isa = PBXGroup;
			children = (
				A3678BF528AFC1F300F18D35 /* AppDelegate.swift */,
				A3678BF728AFC1F300F18D35 /* SceneDelegate.swift */,
				A3678BF928AFC1F300F18D35 /* ViewController.swift */,
				A3678BFB28AFC1F300F18D35 /* Main.storyboard */,
				A3678BFE28AFC1F600F18D35 /* Assets.xcassets */,
				A3678C0028AFC1F600F18D35 /* LaunchScreen.storyboard */,
				A3678C0328AFC1F600F18D35 /* Info.plist */,
				A3AF830E28C1269F000549AB /* addingNewThingViewController.swift */,
			);
			path = "To-do list";
			sourceTree = "<group>";
		};
/* End PBXGroup section */

/* Begin PBXNativeTarget section */
		A3678BF128AFC1F300F18D35 /* To-do list */ = {
			isa = PBXNativeTarget;
			buildConfigurationList = A3678C0628AFC1F600F18D35 /* Build configuration list for PBXNativeTarget "To-do list" */;
			buildPhases = (
				A3678BEE28AFC1F300F18D35 /* Sources */,
				A3678BEF28AFC1F300F18D35 /* Frameworks */,
				A3678BF028AFC1F300F18D35 /* Resources */,
			);
			buildRules = (
			);
			dependencies = (
			);
			name = "To-do list";
			productName = "To-do list";
			productReference = A3678BF228AFC1F300F18D35 /* To-do list.app */;
			productType = "com.apple.product-type.application";
		};
/* End PBXNativeTarget section */

/* Begin PBXProject section */
		A3678BEA28AFC1F300F18D35 /* Project object */ = {
			isa = PBXProject;
			attributes = {
				BuildIndependentTargetsInParallel = 1;
				LastSwiftUpdateCheck = 1300;
				LastUpgradeCheck = 1300;
				TargetAttributes = {
					A3678BF128AFC1F300F18D35 = {
						CreatedOnToolsVersion = 13.0;
					};
				};
			};
			buildConfigurationList = A3678BED28AFC1F300F18D35 /* Build configuration list for PBXProject "To-do list" */;
			compatibilityVersion = "Xcode 13.0";
			developmentRegion = en;
			hasScannedForEncodings = 0;
			knownRegions = (
				en,
				Base,
			);
			mainGroup = A3678BE928AFC1F300F18D35;
			productRefGroup = A3678BF328AFC1F300F18D35 /* Products */;
			projectDirPath = "";
			projectRoot = "";
			targets = (
				A3678BF128AFC1F300F18D35 /* To-do list */,
			);
		};
/* End PBXProject section */

/* Begin PBXResourcesBuildPhase section */
		A3678BF028AFC1F300F18D35 /* Resources */ = {
			isa = PBXResourcesBuildPhase;
			buildActionMask = 2147483647;
			files = (
				A3678C0228AFC1F600F18D35 /* LaunchScreen.storyboard in Resources */,
				A3678BFF28AFC1F600F18D35 /* Assets.xcassets in Resources */,
				A3678BFD28AFC1F300F18D35 /* Main.storyboard in Resources */,
			);
			runOnlyForDeploymentPostprocessing = 0;
		};
/* End PBXResourcesBuildPhase section */

/* Begin PBXSourcesBuildPhase section */
		A3678BEE28AFC1F300F18D35 /* Sources */ = {
			isa = PBXSourcesBuildPhase;
			buildActionMask = 2147483647;
			files = (
				A3678BFA28AFC1F300F18D35 /* ViewController.swift in Sources */,
				A3678BF628AFC1F300F18D35 /* AppDelegate.swift in Sources */,
				A3A6C97B28BCEC9D000DFA7C /* Things+CoreDataProperties.swift in Sources */,
				A3A6C97728BCDC70000DFA7C /* ModelCoreData.xcdatamodeld in Sources */,
				A3AF830F28C1269F000549AB /* addingNewThingViewController.swift in Sources */,
				A3678BF828AFC1F300F18D35 /* SceneDelegate.swift in Sources */,
				A3A6C97A28BCEC9D000DFA7C /* Things+CoreDataClass.swift in Sources */,
			);
			runOnlyForDeploymentPostprocessing = 0;
		};
/* End PBXSourcesBuildPhase section */

/* Begin PBXVariantGroup section */
		A3678BFB28AFC1F300F18D35 /* Main.storyboard */ = {
			isa = PBXVariantGroup;
			children = (
				A3678BFC28AFC1F300F18D35 /* Base */,
			);
			name = Main.storyboard;
			sourceTree = "<group>";
		};
		A3678C0028AFC1F600F18D35 /* LaunchScreen.storyboard */ = {
			isa = PBXVariantGroup;
			children = (
				A3678C0128AFC1F600F18D35 /* Base */,
			);
			name = LaunchScreen.storyboard;
			sourceTree = "<group>";
		};
/* End PBXVariantGroup section */

/* Begin XCBuildConfiguration section */
		A3678C0428AFC1F600F18D35 /* Debug */ = {
			isa = XCBuildConfiguration;
			buildSettings = {
				ALWAYS_SEARCH_USER_PATHS = NO;
				CLANG_ANALYZER_NONNULL = YES;
				CLANG_ANALYZER_NUMBER_OBJECT_CONVERSION = YES_AGGRESSIVE;
				CLANG_CXX_LANGUAGE_STANDARD = "gnu++17";
				CLANG_CXX_LIBRARY = "libc++";
				CLANG_ENABLE_MODULES = YES;
				CLANG_ENABLE_OBJC_ARC = YES;
				CLANG_ENABLE_OBJC_WEAK = YES;
				CLANG_WARN_BLOCK_CAPTURE_AUTORELEASING = YES;
				CLANG_WARN_BOOL_CONVERSION = YES;
				CLANG_WARN_COMMA = YES;
				CLANG_WARN_CONSTANT_CONVERSION = YES;
				CLANG_WARN_DEPRECATED_OBJC_IMPLEMENTATIONS = YES;
				CLANG_WARN_DIRECT_OBJC_ISA_USAGE = YES_ERROR;
				CLANG_WARN_DOCUMENTATION_COMMENTS = YES;
				CLANG_WARN_EMPTY_BODY = YES;
				CLANG_WARN_ENUM_CONVERSION = YES;
				CLANG_WARN_INFINITE_RECURSION = YES;
				CLANG_WARN_INT_CONVERSION = YES;
				CLANG_WARN_NON_LITERAL_NULL_CONVERSION = YES;
				CLANG_WARN_OBJC_IMPLICIT_RETAIN_SELF = YES;
				CLANG_WARN_OBJC_LITERAL_CONVERSION = YES;
				CLANG_WARN_OBJC_ROOT_CLASS = YES_ERROR;
				CLANG_WARN_QUOTED_INCLUDE_IN_FRAMEWORK_HEADER = YES;
				CLANG_WARN_RANGE_LOOP_ANALYSIS = YES;
				CLANG_WARN_STRICT_PROTOTYPES = YES;
				CLANG_WARN_SUSPICIOUS_MOVE = YES;
				CLANG_WARN_UNGUARDED_AVAILABILITY = YES_AGGRESSIVE;
				CLANG_WARN_UNREACHABLE_CODE = YES;
				CLANG_WARN__DUPLICATE_METHOD_MATCH = YES;
				COPY_PHASE_STRIP = NO;
				DEBUG_INFORMATION_FORMAT = dwarf;
				ENABLE_STRICT_OBJC_MSGSEND = YES;
				ENABLE_TESTABILITY = YES;
				GCC_C_LANGUAGE_STANDARD = gnu11;
				GCC_DYNAMIC_NO_PIC = NO;
				GCC_NO_COMMON_BLOCKS = YES;
				GCC_OPTIMIZATION_LEVEL = 0;
				GCC_PREPROCESSOR_DEFINITIONS = (
					"DEBUG=1",
					"$(inherited)",
				);
				GCC_WARN_64_TO_32_BIT_CONVERSION = YES;
				GCC_WARN_ABOUT_RETURN_TYPE = YES_ERROR;
				GCC_WARN_UNDECLARED_SELECTOR = YES;
				GCC_WARN_UNINITIALIZED_AUTOS = YES_AGGRESSIVE;
				GCC_WARN_UNUSED_FUNCTION = YES;
				GCC_WARN_UNUSED_VARIABLE = YES;
				IPHONEOS_DEPLOYMENT_TARGET = 15.0;
				MTL_ENABLE_DEBUG_INFO = INCLUDE_SOURCE;
				MTL_FAST_MATH = YES;
				ONLY_ACTIVE_ARCH = YES;
				SDKROOT = iphoneos;
				SWIFT_ACTIVE_COMPILATION_CONDITIONS = DEBUG;
				SWIFT_OPTIMIZATION_LEVEL = "-Onone";
			};
			name = Debug;
		};
		A3678C0528AFC1F600F18D35 /* Release */ = {
			isa = XCBuildConfiguration;
			buildSettings = {
				ALWAYS_SEARCH_USER_PATHS = NO;
				CLANG_ANALYZER_NONNULL = YES;
				CLANG_ANALYZER_NUMBER_OBJECT_CONVERSION = YES_AGGRESSIVE;
				CLANG_CXX_LANGUAGE_STANDARD = "gnu++17";
				CLANG_CXX_LIBRARY = "libc++";
				CLANG_ENABLE_MODULES = YES;
				CLANG_ENABLE_OBJC_ARC = YES;
				CLANG_ENABLE_OBJC_WEAK = YES;
				CLANG_WARN_BLOCK_CAPTURE_AUTORELEASING = YES;
				CLANG_WARN_BOOL_CONVERSION = YES;
				CLANG_WARN_COMMA = YES;
				CLANG_WARN_CONSTANT_CONVERSION = YES;
				CLANG_WARN_DEPRECATED_OBJC_IMPLEMENTATIONS = YES;
				CLANG_WARN_DIRECT_OBJC_ISA_USAGE = YES_ERROR;
				CLANG_WARN_DOCUMENTATION_COMMENTS = YES;
				CLANG_WARN_EMPTY_BODY = YES;
				CLANG_WARN_ENUM_CONVERSION = YES;
				CLANG_WARN_INFINITE_RECURSION = YES;
				CLANG_WARN_INT_CONVERSION = YES;
				CLANG_WARN_NON_LITERAL_NULL_CONVERSION = YES;
				CLANG_WARN_OBJC_IMPLICIT_RETAIN_SELF = YES;
				CLANG_WARN_OBJC_LITERAL_CONVERSION = YES;
				CLANG_WARN_OBJC_ROOT_CLASS = YES_ERROR;
				CLANG_WARN_QUOTED_INCLUDE_IN_FRAMEWORK_HEADER = YES;
				CLANG_WARN_RANGE_LOOP_ANALYSIS = YES;
				CLANG_WARN_STRICT_PROTOTYPES = YES;
				CLANG_WARN_SUSPICIOUS_MOVE = YES;
				CLANG_WARN_UNGUARDED_AVAILABILITY = YES_AGGRESSIVE;
				CLANG_WARN_UNREACHABLE_CODE = YES;
				CLANG_WARN__DUPLICATE_METHOD_MATCH = YES;
				COPY_PHASE_STRIP = NO;
				DEBUG_INFORMATION_FORMAT = "dwarf-with-dsym";
				ENABLE_NS_ASSERTIONS = NO;
				ENABLE_STRICT_OBJC_MSGSEND = YES;
				GCC_C_LANGUAGE_STANDARD = gnu11;
				GCC_NO_COMMON_BLOCKS = YES;
				GCC_WARN_64_TO_32_BIT_CONVERSION = YES;
				GCC_WARN_ABOUT_RETURN_TYPE = YES_ERROR;
				GCC_WARN_UNDECLARED_SELECTOR = YES;
				GCC_WARN_UNINITIALIZED_AUTOS = YES_AGGRESSIVE;
				GCC_WARN_UNUSED_FUNCTION = YES;
				GCC_WARN_UNUSED_VARIABLE = YES;
				IPHONEOS_DEPLOYMENT_TARGET = 15.0;
				MTL_ENABLE_DEBUG_INFO = NO;
				MTL_FAST_MATH = YES;
				SDKROOT = iphoneos;
				SWIFT_COMPILATION_MODE = wholemodule;
				SWIFT_OPTIMIZATION_LEVEL = "-O";
				VALIDATE_PRODUCT = YES;
			};
			name = Release;
		};
		A3678C0728AFC1F600F18D35 /* Debug */ = {
			isa = XCBuildConfiguration;
			buildSettings = {
				ASSETCATALOG_COMPILER_APPICON_NAME = AppIcon;
				ASSETCATALOG_COMPILER_GLOBAL_ACCENT_COLOR_NAME = AccentColor;
				CODE_SIGN_STYLE = Automatic;
				CURRENT_PROJECT_VERSION = 1;
				GENERATE_INFOPLIST_FILE = YES;
				INFOPLIST_FILE = "To-do list/Info.plist";
				INFOPLIST_KEY_UIApplicationSupportsIndirectInputEvents = YES;
				INFOPLIST_KEY_UILaunchStoryboardName = LaunchScreen;
				INFOPLIST_KEY_UIMainStoryboardFile = Main;
				INFOPLIST_KEY_UISupportedInterfaceOrientations = UIInterfaceOrientationPortrait;
				INFOPLIST_KEY_UISupportedInterfaceOrientations_iPad = "UIInterfaceOrientationPortrait UIInterfaceOrientationPortraitUpsideDown UIInterfaceOrientationLandscapeLeft UIInterfaceOrientationLandscapeRight";
				INFOPLIST_KEY_UISupportedInterfaceOrientations_iPhone = "UIInterfaceOrientationPortrait UIInterfaceOrientationLandscapeLeft UIInterfaceOrientationLandscapeRight";
				LD_RUNPATH_SEARCH_PATHS = (
					"$(inherited)",
					"@executable_path/Frameworks",
				);
				MARKETING_VERSION = 1.0;
				PRODUCT_BUNDLE_IDENTIFIER = "Julia.def.To-do-list";
				PRODUCT_NAME = "$(TARGET_NAME)";
				SWIFT_EMIT_LOC_STRINGS = YES;
				SWIFT_VERSION = 5.0;
				TARGETED_DEVICE_FAMILY = 1;
			};
			name = Debug;
		};
		A3678C0828AFC1F600F18D35 /* Release */ = {
			isa = XCBuildConfiguration;
			buildSettings = {
				ASSETCATALOG_COMPILER_APPICON_NAME = AppIcon;
				ASSETCATALOG_COMPILER_GLOBAL_ACCENT_COLOR_NAME = AccentColor;
				CODE_SIGN_STYLE = Automatic;
				CURRENT_PROJECT_VERSION = 1;
				GENERATE_INFOPLIST_FILE = YES;
				INFOPLIST_FILE = "To-do list/Info.plist";
				INFOPLIST_KEY_UIApplicationSupportsIndirectInputEvents = YES;
				INFOPLIST_KEY_UILaunchStoryboardName = LaunchScreen;
				INFOPLIST_KEY_UIMainStoryboardFile = Main;
				INFOPLIST_KEY_UISupportedInterfaceOrientations = UIInterfaceOrientationPortrait;
				INFOPLIST_KEY_UISupportedInterfaceOrientations_iPad = "UIInterfaceOrientationPortrait UIInterfaceOrientationPortraitUpsideDown UIInterfaceOrientationLandscapeLeft UIInterfaceOrientationLandscapeRight";
				INFOPLIST_KEY_UISupportedInterfaceOrientations_iPhone = "UIInterfaceOrientationPortrait UIInterfaceOrientationLandscapeLeft UIInterfaceOrientationLandscapeRight";
				LD_RUNPATH_SEARCH_PATHS = (
					"$(inherited)",
					"@executable_path/Frameworks",
				);
				MARKETING_VERSION = 1.0;
				PRODUCT_BUNDLE_IDENTIFIER = "Julia.def.To-do-list";
				PRODUCT_NAME = "$(TARGET_NAME)";
				SWIFT_EMIT_LOC_STRINGS = YES;
				SWIFT_VERSION = 5.0;
				TARGETED_DEVICE_FAMILY = 1;
			};
			name = Release;
		};
/* End XCBuildConfiguration section */

/* Begin XCConfigurationList section */
		A3678BED28AFC1F300F18D35 /* Build configuration list for PBXProject "To-do list" */ = {
			isa = XCConfigurationList;
			buildConfigurations = (
				A3678C0428AFC1F600F18D35 /* Debug */,
				A3678C0528AFC1F600F18D35 /* Release */,
			);
			defaultConfigurationIsVisible = 0;
			defaultConfigurationName = Release;
		};
		A3678C0628AFC1F600F18D35 /* Build configuration list for PBXNativeTarget "To-do list" */ = {
			isa = XCConfigurationList;
			buildConfigurations = (
				A3678C0728AFC1F600F18D35 /* Debug */,
				A3678C0828AFC1F600F18D35 /* Release */,
			);
			defaultConfigurationIsVisible = 0;
			defaultConfigurationName = Release;
		};
/* End XCConfigurationList section */

/* Begin XCVersionGroup section */
		A3A6C97528BCDC70000DFA7C /* ModelCoreData.xcdatamodeld */ = {
			isa = XCVersionGroup;
			children = (
				A3A6C97628BCDC70000DFA7C /* ModelCoreData.xcdatamodel */,
			);
			currentVersion = A3A6C97628BCDC70000DFA7C /* ModelCoreData.xcdatamodel */;
			name = ModelCoreData.xcdatamodeld;
			path = "To-do list/ModelCoreData.xcdatamodeld";
			sourceTree = "<group>";
			versionGroupType = wrapper.xcdatamodel;
		};
/* End XCVersionGroup section */
	};
	rootObject = A3678BEA28AFC1F300F18D35 /* Project object */;
}
